
Microsoft Visual Studio Solution File, Format Version 12.00
# Visual Studio Version 17
VisualStudioVersion = 17.13.35825.156 d17.13
MinimumVisualStudioVersion = 10.0.40219.1
Project("{FAE04EC0-301F-11D3-BF4B-00C04F79EFBC}") = "Game.Infrastructure", "Game.Infrastructure.csproj", "{04F6C9D7-1EB9-4248-A879-C2BC0C38CCED}"
EndProject
Global
	GlobalSection(SolutionConfigurationPlatforms) = preSolution
		Debug|Any CPU = Debug|Any CPU
		Release|Any CPU = Release|Any CPU
	EndGlobalSection
	GlobalSection(ProjectConfigurationPlatforms) = postSolution
		{04F6C9D7-1EB9-4248-A879-C2BC0C38CCED}.Debug|Any CPU.ActiveCfg = Debug|Any CPU
		{04F6C9D7-1EB9-4248-A879-C2BC0C38CCED}.Debug|Any CPU.Build.0 = Debug|Any CPU
		{04F6C9D7-1EB9-4248-A879-C2BC0C38CCED}.Release|Any CPU.ActiveCfg = Release|Any CPU
		{04F6C9D7-1EB9-4248-A879-C2BC0C38CCED}.Release|Any CPU.Build.0 = Release|Any CPU
	EndGlobalSection
	GlobalSection(SolutionProperties) = preSolution
		HideSolutionNode = FALSE
	EndGlobalSection
	GlobalSection(ExtensibilityGlobals) = postSolution
		SolutionGuid = {C5446AAF-ADC1-4291-B4C5-9D7A1BD1C1C9}
	EndGlobalSection
EndGlobal
