
Microsoft Visual Studio Solution File, Format Version 12.00
# Visual Studio Version 17
VisualStudioVersion = 17.13.35825.156
MinimumVisualStudioVersion = 10.0.40219.1
Project("{FAE04EC0-301F-11D3-BF4B-00C04F79EFBC}") = "GamePaymentGateway.API", "GamePaymentGateway.API\GamePaymentGateway.API.csproj", "{F9DC71B6-DBF7-F526-ACC9-8676DB984413}"
EndProject
Global
	GlobalSection(SolutionConfigurationPlatforms) = preSolution
		Debug|Any CPU = Debug|Any CPU
		Release|Any CPU = Release|Any CPU
	EndGlobalSection
	GlobalSection(ProjectConfigurationPlatforms) = postSolution
		{F9DC71B6-DBF7-F526-ACC9-8676DB984413}.Debug|Any CPU.ActiveCfg = Debug|Any CPU
		{F9DC71B6-DBF7-F526-ACC9-8676DB984413}.Debug|Any CPU.Build.0 = Debug|Any CPU
		{F9DC71B6-DBF7-F526-ACC9-8676DB984413}.Release|Any CPU.ActiveCfg = Release|Any CPU
		{F9DC71B6-DBF7-F526-ACC9-8676DB984413}.Release|Any CPU.Build.0 = Release|Any CPU
	EndGlobalSection
	GlobalSection(SolutionProperties) = preSolution
		HideSolutionNode = FALSE
	EndGlobalSection
	GlobalSection(ExtensibilityGlobals) = postSolution
		SolutionGuid = {FA2BD4B9-F02B-4594-AF24-9CCEFD122586}
	EndGlobalSection
EndGlobal
